// !$*UTF8*$!
{
	archiveVersion = 1;
	classes = {
	};
	objectVersion = 50;
	objects = {

/* Begin PBXBuildFile section */
		0F3EC919214117A400FB3062 /* BKTransitionProcotol.swift in Sources */ = {isa = PBXBuildFile; fileRef = 0F3EC918214117A400FB3062 /* BKTransitionProcotol.swift */; };
		0F3EC91B2141182000FB3062 /* UICollectionViewExtensions.swift in Sources */ = {isa = PBXBuildFile; fileRef = 0F3EC91A2141182000FB3062 /* UICollectionViewExtensions.swift */; };
		0F3EC91D214118EE00FB3062 /* BKTransition.swift in Sources */ = {isa = PBXBuildFile; fileRef = 0F3EC91C214118EE00FB3062 /* BKTransition.swift */; };
		0F3EC91F214120D800FB3062 /* HorizontalPageViewController.swift in Sources */ = {isa = PBXBuildFile; fileRef = 0F3EC91E214120D800FB3062 /* HorizontalPageViewController.swift */; };
		0F3EC9212141211500FB3062 /* HorizontalPageViewCell.swift in Sources */ = {isa = PBXBuildFile; fileRef = 0F3EC9202141211400FB3062 /* HorizontalPageViewCell.swift */; };
		0F3EC9222141D1C900FB3062 /* HorizontalPageViewCell.swift in Sources */ = {isa = PBXBuildFile; fileRef = 0F3EC9202141211400FB3062 /* HorizontalPageViewCell.swift */; };
		0F3EC927214271F100FB3062 /* PhotoTableViewCell.swift in Sources */ = {isa = PBXBuildFile; fileRef = 0F3EC926214271F100FB3062 /* PhotoTableViewCell.swift */; };
		0F3EC929214299CA00FB3062 /* ProfileRowCell.swift in Sources */ = {isa = PBXBuildFile; fileRef = 0F3EC928214299CA00FB3062 /* ProfileRowCell.swift */; };
		0F3EC92B21429A0600FB3062 /* ProfileRowCell.xib in Resources */ = {isa = PBXBuildFile; fileRef = 0F3EC92A21429A0600FB3062 /* ProfileRowCell.xib */; };
		0F3EC92D2145272000FB3062 /* HorizontalPageViewCell.xib in Resources */ = {isa = PBXBuildFile; fileRef = 0F3EC92C2145272000FB3062 /* HorizontalPageViewCell.xib */; };
		0F3EC92F21454E0600FB3062 /* UINavigationExtensions.swift in Sources */ = {isa = PBXBuildFile; fileRef = 0F3EC92E21454E0600FB3062 /* UINavigationExtensions.swift */; };
		0F3EC931214598BC00FB3062 /* PhotoTableViewCell.xib in Resources */ = {isa = PBXBuildFile; fileRef = 0F3EC930214598BC00FB3062 /* PhotoTableViewCell.xib */; };
		0F3EC9332145D8BD00FB3062 /* BaseCollectionViewController.swift in Sources */ = {isa = PBXBuildFile; fileRef = 0F3EC9322145D8BD00FB3062 /* BaseCollectionViewController.swift */; };
		0F3EC9352145E30600FB3062 /* animation-w800-h600.json in Resources */ = {isa = PBXBuildFile; fileRef = 0F3EC9342145E30600FB3062 /* animation-w800-h600.json */; };
		0F3EC9382145E35500FB3062 /* Loader.xib in Resources */ = {isa = PBXBuildFile; fileRef = 0F3EC9372145E35500FB3062 /* Loader.xib */; };
		0F3EC93A2145E39000FB3062 /* Loader.swift in Sources */ = {isa = PBXBuildFile; fileRef = 0F3EC9392145E39000FB3062 /* Loader.swift */; };
		0F450FEA2139713C00D6B363 /* Ubuntu-M.ttf in Resources */ = {isa = PBXBuildFile; fileRef = 0F450FE12139713C00D6B363 /* Ubuntu-M.ttf */; };
		0F450FEB2139713C00D6B363 /* Ubuntu-L.ttf in Resources */ = {isa = PBXBuildFile; fileRef = 0F450FE22139713C00D6B363 /* Ubuntu-L.ttf */; };
		0F450FEC2139713C00D6B363 /* Ubuntu-BI.ttf in Resources */ = {isa = PBXBuildFile; fileRef = 0F450FE32139713C00D6B363 /* Ubuntu-BI.ttf */; };
		0F450FED2139713C00D6B363 /* Ubuntu-MI.ttf in Resources */ = {isa = PBXBuildFile; fileRef = 0F450FE42139713C00D6B363 /* Ubuntu-MI.ttf */; };
		0F450FEE2139713C00D6B363 /* Ubuntu-R.ttf in Resources */ = {isa = PBXBuildFile; fileRef = 0F450FE52139713C00D6B363 /* Ubuntu-R.ttf */; };
		0F450FEF2139713C00D6B363 /* Ubuntu-LI.ttf in Resources */ = {isa = PBXBuildFile; fileRef = 0F450FE62139713C00D6B363 /* Ubuntu-LI.ttf */; };
		0F450FF02139713C00D6B363 /* Ubuntu-B.ttf in Resources */ = {isa = PBXBuildFile; fileRef = 0F450FE72139713C00D6B363 /* Ubuntu-B.ttf */; };
		0F450FF12139713C00D6B363 /* Ubuntu-RI.ttf in Resources */ = {isa = PBXBuildFile; fileRef = 0F450FE82139713C00D6B363 /* Ubuntu-RI.ttf */; };
		0F451000213971AF00D6B363 /* BaseTextView.swift in Sources */ = {isa = PBXBuildFile; fileRef = 0F450FF4213971AE00D6B363 /* BaseTextView.swift */; };
		0F451001213971AF00D6B363 /* BaseUILabel.swift in Sources */ = {isa = PBXBuildFile; fileRef = 0F450FF6213971AE00D6B363 /* BaseUILabel.swift */; };
		0F451002213971AF00D6B363 /* BaseUILabel+Subs.swift in Sources */ = {isa = PBXBuildFile; fileRef = 0F450FF7213971AE00D6B363 /* BaseUILabel+Subs.swift */; };
		0F451003213971AF00D6B363 /* BaseTableViewCell.swift in Sources */ = {isa = PBXBuildFile; fileRef = 0F450FF9213971AE00D6B363 /* BaseTableViewCell.swift */; };
		0F451004213971AF00D6B363 /* BaseUIButton.swift in Sources */ = {isa = PBXBuildFile; fileRef = 0F450FFB213971AE00D6B363 /* BaseUIButton.swift */; };
		0F451005213971AF00D6B363 /* BaseUIButton+Subs.swift in Sources */ = {isa = PBXBuildFile; fileRef = 0F450FFC213971AE00D6B363 /* BaseUIButton+Subs.swift */; };
		0F451006213971AF00D6B363 /* BaseUITextField+Subs.swift in Sources */ = {isa = PBXBuildFile; fileRef = 0F450FFE213971AF00D6B363 /* BaseUITextField+Subs.swift */; };
		0F451007213971AF00D6B363 /* BaseUITextField.swift in Sources */ = {isa = PBXBuildFile; fileRef = 0F450FFF213971AF00D6B363 /* BaseUITextField.swift */; };
		0F4510092139730E00D6B363 /* BaseNavigationController.swift in Sources */ = {isa = PBXBuildFile; fileRef = 0F4510082139730E00D6B363 /* BaseNavigationController.swift */; };
		0F451014213C027D00D6B363 /* LoginPresenter.swift in Sources */ = {isa = PBXBuildFile; fileRef = 0F45100E213C027D00D6B363 /* LoginPresenter.swift */; };
		0F451015213C027D00D6B363 /* LoginWorker.swift in Sources */ = {isa = PBXBuildFile; fileRef = 0F45100F213C027D00D6B363 /* LoginWorker.swift */; };
		0F451016213C027D00D6B363 /* LoginRouter.swift in Sources */ = {isa = PBXBuildFile; fileRef = 0F451010213C027D00D6B363 /* LoginRouter.swift */; };
		0F451017213C027D00D6B363 /* LoginModels.swift in Sources */ = {isa = PBXBuildFile; fileRef = 0F451011213C027D00D6B363 /* LoginModels.swift */; };
		0F451018213C027D00D6B363 /* LoginViewController.swift in Sources */ = {isa = PBXBuildFile; fileRef = 0F451012213C027D00D6B363 /* LoginViewController.swift */; };
		0F451019213C027D00D6B363 /* LoginInteractor.swift in Sources */ = {isa = PBXBuildFile; fileRef = 0F451013213C027D00D6B363 /* LoginInteractor.swift */; };
		0F830A57213962E50080EAA8 /* AppDelegate.swift in Sources */ = {isa = PBXBuildFile; fileRef = 0F830A56213962E50080EAA8 /* AppDelegate.swift */; };
		0F830A5E213962E60080EAA8 /* Assets.xcassets in Resources */ = {isa = PBXBuildFile; fileRef = 0F830A5D213962E60080EAA8 /* Assets.xcassets */; };
		0F830A61213962E60080EAA8 /* LaunchScreen.storyboard in Resources */ = {isa = PBXBuildFile; fileRef = 0F830A5F213962E60080EAA8 /* LaunchScreen.storyboard */; };
		0F830A6C213962E60080EAA8 /* PhotoZnappTests.swift in Sources */ = {isa = PBXBuildFile; fileRef = 0F830A6B213962E60080EAA8 /* PhotoZnappTests.swift */; };
		0F830A77213962E60080EAA8 /* PhotoZnappUITests.swift in Sources */ = {isa = PBXBuildFile; fileRef = 0F830A76213962E60080EAA8 /* PhotoZnappUITests.swift */; };
		0F830A8E213963E30080EAA8 /* UIViewExtensions.swift in Sources */ = {isa = PBXBuildFile; fileRef = 0F830A8D213963E30080EAA8 /* UIViewExtensions.swift */; };
		0F830A90213964770080EAA8 /* UIColorExtensions.swift in Sources */ = {isa = PBXBuildFile; fileRef = 0F830A8F213964770080EAA8 /* UIColorExtensions.swift */; };
		0F830A92213964990080EAA8 /* UIViewControllerExtensions.swift in Sources */ = {isa = PBXBuildFile; fileRef = 0F830A91213964990080EAA8 /* UIViewControllerExtensions.swift */; };
		0F830A94213964BC0080EAA8 /* UITableViewExtensions.swift in Sources */ = {isa = PBXBuildFile; fileRef = 0F830A93213964BC0080EAA8 /* UITableViewExtensions.swift */; };
		0F830A96213964DA0080EAA8 /* UIScrollViewExtensions.swift in Sources */ = {isa = PBXBuildFile; fileRef = 0F830A95213964DA0080EAA8 /* UIScrollViewExtensions.swift */; };
		0F830A98213964FC0080EAA8 /* UITextViewExtensions.swift in Sources */ = {isa = PBXBuildFile; fileRef = 0F830A97213964FC0080EAA8 /* UITextViewExtensions.swift */; };
		0F830A9A213965150080EAA8 /* Globals.swift in Sources */ = {isa = PBXBuildFile; fileRef = 0F830A99213965150080EAA8 /* Globals.swift */; };
		0F830A9C2139659A0080EAA8 /* UILabelExtensions.swift in Sources */ = {isa = PBXBuildFile; fileRef = 0F830A9B2139659A0080EAA8 /* UILabelExtensions.swift */; };
		0F830A9E213965BF0080EAA8 /* UIImageExtensions.swift in Sources */ = {isa = PBXBuildFile; fileRef = 0F830A9D213965BF0080EAA8 /* UIImageExtensions.swift */; };
		0F830AA02139660F0080EAA8 /* UIImageViewExtensions.swift in Sources */ = {isa = PBXBuildFile; fileRef = 0F830A9F2139660F0080EAA8 /* UIImageViewExtensions.swift */; };
		0F830AA2213966400080EAA8 /* UIDeviceExtensions.swift in Sources */ = {isa = PBXBuildFile; fileRef = 0F830AA1213966400080EAA8 /* UIDeviceExtensions.swift */; };
		0F830AA42139670F0080EAA8 /* BaseViewController.swift in Sources */ = {isa = PBXBuildFile; fileRef = 0F830AA32139670F0080EAA8 /* BaseViewController.swift */; };
		0F830AA721396C240080EAA8 /* Landing.storyboard in Resources */ = {isa = PBXBuildFile; fileRef = 0F830AA621396C240080EAA8 /* Landing.storyboard */; };
		0F830AAA21396C4C0080EAA8 /* Dashboard.storyboard in Resources */ = {isa = PBXBuildFile; fileRef = 0F830AA921396C4C0080EAA8 /* Dashboard.storyboard */; };
		0F9B20FE213FF12D00C86FCC /* GalleryPresenter.swift in Sources */ = {isa = PBXBuildFile; fileRef = 0F9B20F8213FF12D00C86FCC /* GalleryPresenter.swift */; };
		0F9B20FF213FF12D00C86FCC /* GalleryWorker.swift in Sources */ = {isa = PBXBuildFile; fileRef = 0F9B20F9213FF12D00C86FCC /* GalleryWorker.swift */; };
		0F9B2100213FF12D00C86FCC /* GalleryRouter.swift in Sources */ = {isa = PBXBuildFile; fileRef = 0F9B20FA213FF12D00C86FCC /* GalleryRouter.swift */; };
		0F9B2101213FF12D00C86FCC /* GalleryModels.swift in Sources */ = {isa = PBXBuildFile; fileRef = 0F9B20FB213FF12D00C86FCC /* GalleryModels.swift */; };
		0F9B2102213FF12D00C86FCC /* GalleryViewController.swift in Sources */ = {isa = PBXBuildFile; fileRef = 0F9B20FC213FF12D00C86FCC /* GalleryViewController.swift */; };
		0F9B2103213FF12D00C86FCC /* GalleryInteractor.swift in Sources */ = {isa = PBXBuildFile; fileRef = 0F9B20FD213FF12D00C86FCC /* GalleryInteractor.swift */; };
		0F9B2106213FF15B00C86FCC /* CollectionLayout.swift in Sources */ = {isa = PBXBuildFile; fileRef = 0F9B2105213FF15B00C86FCC /* CollectionLayout.swift */; };
		0F9B2109213FF56700C86FCC /* PhotosResponse.swift in Sources */ = {isa = PBXBuildFile; fileRef = 0F9B2108213FF56700C86FCC /* PhotosResponse.swift */; };
		0F9B210B213FF6F300C86FCC /* Network.swift in Sources */ = {isa = PBXBuildFile; fileRef = 0F9B210A213FF6F300C86FCC /* Network.swift */; };
		0F9B210D213FFFA300C86FCC /* NetworkProvider.swift in Sources */ = {isa = PBXBuildFile; fileRef = 0F9B210C213FFFA300C86FCC /* NetworkProvider.swift */; };
		0F9B21102140000D00C86FCC /* PhotoCell.swift in Sources */ = {isa = PBXBuildFile; fileRef = 0F9B210F2140000D00C86FCC /* PhotoCell.swift */; };
		0F9B2112214000FA00C86FCC /* BaseWorker.swift in Sources */ = {isa = PBXBuildFile; fileRef = 0F9B2111214000FA00C86FCC /* BaseWorker.swift */; };
		0FC754682146851200A660AF /* SearchPresenter.swift in Sources */ = {isa = PBXBuildFile; fileRef = 0FC754622146851200A660AF /* SearchPresenter.swift */; };
		0FC754692146851200A660AF /* SearchWorker.swift in Sources */ = {isa = PBXBuildFile; fileRef = 0FC754632146851200A660AF /* SearchWorker.swift */; };
		0FC7546A2146851200A660AF /* SearchRouter.swift in Sources */ = {isa = PBXBuildFile; fileRef = 0FC754642146851200A660AF /* SearchRouter.swift */; };
		0FC7546B2146851200A660AF /* SearchModels.swift in Sources */ = {isa = PBXBuildFile; fileRef = 0FC754652146851200A660AF /* SearchModels.swift */; };
		0FC7546C2146851200A660AF /* SearchViewController.swift in Sources */ = {isa = PBXBuildFile; fileRef = 0FC754662146851200A660AF /* SearchViewController.swift */; };
		0FC7546D2146851200A660AF /* SearchInteractor.swift in Sources */ = {isa = PBXBuildFile; fileRef = 0FC754672146851200A660AF /* SearchInteractor.swift */; };
		0FC7547021469B4E00A660AF /* SearchResultTableViewCell.swift in Sources */ = {isa = PBXBuildFile; fileRef = 0FC7546F21469B4E00A660AF /* SearchResultTableViewCell.swift */; };
		0FC7547221469B6B00A660AF /* SearchResultTableViewCell.xib in Resources */ = {isa = PBXBuildFile; fileRef = 0FC7547121469B6B00A660AF /* SearchResultTableViewCell.xib */; };
		0FC75474214708A300A660AF /* SearchResultUserCell.swift in Sources */ = {isa = PBXBuildFile; fileRef = 0FC75473214708A300A660AF /* SearchResultUserCell.swift */; };
		0FC75476214708F700A660AF /* SearchResultUserCell.xib in Resources */ = {isa = PBXBuildFile; fileRef = 0FC75475214708F700A660AF /* SearchResultUserCell.xib */; };
		0FC7547821470E3500A660AF /* BaseTabBarController.swift in Sources */ = {isa = PBXBuildFile; fileRef = 0FC7547721470E3500A660AF /* BaseTabBarController.swift */; };
		0FC7548C21470F9B00A660AF /* LandingPresenter.swift in Sources */ = {isa = PBXBuildFile; fileRef = 0FC7548621470F9B00A660AF /* LandingPresenter.swift */; };
		0FC7548D21470F9B00A660AF /* LandingWorker.swift in Sources */ = {isa = PBXBuildFile; fileRef = 0FC7548721470F9B00A660AF /* LandingWorker.swift */; };
		0FC7548E21470F9B00A660AF /* LandingRouter.swift in Sources */ = {isa = PBXBuildFile; fileRef = 0FC7548821470F9B00A660AF /* LandingRouter.swift */; };
		0FC7548F21470F9B00A660AF /* LandingModels.swift in Sources */ = {isa = PBXBuildFile; fileRef = 0FC7548921470F9B00A660AF /* LandingModels.swift */; };
		0FC7549021470F9B00A660AF /* LandingViewController.swift in Sources */ = {isa = PBXBuildFile; fileRef = 0FC7548A21470F9B00A660AF /* LandingViewController.swift */; };
		0FC7549121470F9B00A660AF /* LandingInteractor.swift in Sources */ = {isa = PBXBuildFile; fileRef = 0FC7548B21470F9B00A660AF /* LandingInteractor.swift */; };
		0FC754932147132100A660AF /* AnimatedNavigationController.swift in Sources */ = {isa = PBXBuildFile; fileRef = 0FC754922147132100A660AF /* AnimatedNavigationController.swift */; };
		5C4269598B021BFD51A7C6CC /* Pods_PhotoZnappUITests.framework in Frameworks */ = {isa = PBXBuildFile; fileRef = 03D8DF00E3BBA6D0D106BA49 /* Pods_PhotoZnappUITests.framework */; };
		677CC24BBDE99A58F13CD9BD /* Pods_PhotoZnapp.framework in Frameworks */ = {isa = PBXBuildFile; fileRef = 09247C85C3D051F821D19698 /* Pods_PhotoZnapp.framework */; };
		99E67CA8FA6A8CE08580F2A8 /* Pods_PhotoZnappTests.framework in Frameworks */ = {isa = PBXBuildFile; fileRef = C58D7C5B2A7C833C5BF9BAD5 /* Pods_PhotoZnappTests.framework */; };
/* End PBXBuildFile section */

/* Begin PBXContainerItemProxy section */
		0F830A68213962E60080EAA8 /* PBXContainerItemProxy */ = {
			isa = PBXContainerItemProxy;
			containerPortal = 0F830A4B213962E50080EAA8 /* Project object */;
			proxyType = 1;
			remoteGlobalIDString = 0F830A52213962E50080EAA8;
			remoteInfo = PhotoZnapp;
		};
		0F830A73213962E60080EAA8 /* PBXContainerItemProxy */ = {
			isa = PBXContainerItemProxy;
			containerPortal = 0F830A4B213962E50080EAA8 /* Project object */;
			proxyType = 1;
			remoteGlobalIDString = 0F830A52213962E50080EAA8;
			remoteInfo = PhotoZnapp;
		};
/* End PBXContainerItemProxy section */

/* Begin PBXFileReference section */
		03D8DF00E3BBA6D0D106BA49 /* Pods_PhotoZnappUITests.framework */ = {isa = PBXFileReference; explicitFileType = wrapper.framework; includeInIndex = 0; path = Pods_PhotoZnappUITests.framework; sourceTree = BUILT_PRODUCTS_DIR; };
		09247C85C3D051F821D19698 /* Pods_PhotoZnapp.framework */ = {isa = PBXFileReference; explicitFileType = wrapper.framework; includeInIndex = 0; path = Pods_PhotoZnapp.framework; sourceTree = BUILT_PRODUCTS_DIR; };
		0F3EC918214117A400FB3062 /* BKTransitionProcotol.swift */ = {isa = PBXFileReference; lastKnownFileType = sourcecode.swift; path = BKTransitionProcotol.swift; sourceTree = "<group>"; };
		0F3EC91A2141182000FB3062 /* UICollectionViewExtensions.swift */ = {isa = PBXFileReference; lastKnownFileType = sourcecode.swift; path = UICollectionViewExtensions.swift; sourceTree = "<group>"; };
		0F3EC91C214118EE00FB3062 /* BKTransition.swift */ = {isa = PBXFileReference; lastKnownFileType = sourcecode.swift; path = BKTransition.swift; sourceTree = "<group>"; };
		0F3EC91E214120D800FB3062 /* HorizontalPageViewController.swift */ = {isa = PBXFileReference; fileEncoding = 4; lastKnownFileType = sourcecode.swift; path = HorizontalPageViewController.swift; sourceTree = "<group>"; };
		0F3EC9202141211400FB3062 /* HorizontalPageViewCell.swift */ = {isa = PBXFileReference; fileEncoding = 4; lastKnownFileType = sourcecode.swift; path = HorizontalPageViewCell.swift; sourceTree = "<group>"; };
		0F3EC926214271F100FB3062 /* PhotoTableViewCell.swift */ = {isa = PBXFileReference; lastKnownFileType = sourcecode.swift; path = PhotoTableViewCell.swift; sourceTree = "<group>"; };
		0F3EC928214299CA00FB3062 /* ProfileRowCell.swift */ = {isa = PBXFileReference; lastKnownFileType = sourcecode.swift; path = ProfileRowCell.swift; sourceTree = "<group>"; };
		0F3EC92A21429A0600FB3062 /* ProfileRowCell.xib */ = {isa = PBXFileReference; lastKnownFileType = file.xib; path = ProfileRowCell.xib; sourceTree = "<group>"; };
		0F3EC92C2145272000FB3062 /* HorizontalPageViewCell.xib */ = {isa = PBXFileReference; lastKnownFileType = file.xib; path = HorizontalPageViewCell.xib; sourceTree = "<group>"; };
		0F3EC92E21454E0600FB3062 /* UINavigationExtensions.swift */ = {isa = PBXFileReference; lastKnownFileType = sourcecode.swift; path = UINavigationExtensions.swift; sourceTree = "<group>"; };
		0F3EC930214598BC00FB3062 /* PhotoTableViewCell.xib */ = {isa = PBXFileReference; lastKnownFileType = file.xib; path = PhotoTableViewCell.xib; sourceTree = "<group>"; };
		0F3EC9322145D8BD00FB3062 /* BaseCollectionViewController.swift */ = {isa = PBXFileReference; lastKnownFileType = sourcecode.swift; path = BaseCollectionViewController.swift; sourceTree = "<group>"; };
		0F3EC9342145E30600FB3062 /* animation-w800-h600.json */ = {isa = PBXFileReference; fileEncoding = 4; lastKnownFileType = text.json; path = "animation-w800-h600.json"; sourceTree = "<group>"; };
		0F3EC9372145E35500FB3062 /* Loader.xib */ = {isa = PBXFileReference; lastKnownFileType = file.xib; path = Loader.xib; sourceTree = "<group>"; };
		0F3EC9392145E39000FB3062 /* Loader.swift */ = {isa = PBXFileReference; lastKnownFileType = sourcecode.swift; path = Loader.swift; sourceTree = "<group>"; };
		0F450FE12139713C00D6B363 /* Ubuntu-M.ttf */ = {isa = PBXFileReference; lastKnownFileType = file; path = "Ubuntu-M.ttf"; sourceTree = "<group>"; };
		0F450FE22139713C00D6B363 /* Ubuntu-L.ttf */ = {isa = PBXFileReference; lastKnownFileType = file; path = "Ubuntu-L.ttf"; sourceTree = "<group>"; };
		0F450FE32139713C00D6B363 /* Ubuntu-BI.ttf */ = {isa = PBXFileReference; lastKnownFileType = file; path = "Ubuntu-BI.ttf"; sourceTree = "<group>"; };
		0F450FE42139713C00D6B363 /* Ubuntu-MI.ttf */ = {isa = PBXFileReference; lastKnownFileType = file; path = "Ubuntu-MI.ttf"; sourceTree = "<group>"; };
		0F450FE52139713C00D6B363 /* Ubuntu-R.ttf */ = {isa = PBXFileReference; lastKnownFileType = file; path = "Ubuntu-R.ttf"; sourceTree = "<group>"; };
		0F450FE62139713C00D6B363 /* Ubuntu-LI.ttf */ = {isa = PBXFileReference; lastKnownFileType = file; path = "Ubuntu-LI.ttf"; sourceTree = "<group>"; };
		0F450FE72139713C00D6B363 /* Ubuntu-B.ttf */ = {isa = PBXFileReference; lastKnownFileType = file; path = "Ubuntu-B.ttf"; sourceTree = "<group>"; };
		0F450FE82139713C00D6B363 /* Ubuntu-RI.ttf */ = {isa = PBXFileReference; lastKnownFileType = file; path = "Ubuntu-RI.ttf"; sourceTree = "<group>"; };
		0F450FF4213971AE00D6B363 /* BaseTextView.swift */ = {isa = PBXFileReference; fileEncoding = 4; lastKnownFileType = sourcecode.swift; path = BaseTextView.swift; sourceTree = "<group>"; };
		0F450FF6213971AE00D6B363 /* BaseUILabel.swift */ = {isa = PBXFileReference; fileEncoding = 4; lastKnownFileType = sourcecode.swift; path = BaseUILabel.swift; sourceTree = "<group>"; };
		0F450FF7213971AE00D6B363 /* BaseUILabel+Subs.swift */ = {isa = PBXFileReference; fileEncoding = 4; lastKnownFileType = sourcecode.swift; path = "BaseUILabel+Subs.swift"; sourceTree = "<group>"; };
		0F450FF9213971AE00D6B363 /* BaseTableViewCell.swift */ = {isa = PBXFileReference; fileEncoding = 4; lastKnownFileType = sourcecode.swift; path = BaseTableViewCell.swift; sourceTree = "<group>"; };
		0F450FFB213971AE00D6B363 /* BaseUIButton.swift */ = {isa = PBXFileReference; fileEncoding = 4; lastKnownFileType = sourcecode.swift; path = BaseUIButton.swift; sourceTree = "<group>"; };
		0F450FFC213971AE00D6B363 /* BaseUIButton+Subs.swift */ = {isa = PBXFileReference; fileEncoding = 4; lastKnownFileType = sourcecode.swift; path = "BaseUIButton+Subs.swift"; sourceTree = "<group>"; };
		0F450FFE213971AF00D6B363 /* BaseUITextField+Subs.swift */ = {isa = PBXFileReference; fileEncoding = 4; lastKnownFileType = sourcecode.swift; path = "BaseUITextField+Subs.swift"; sourceTree = "<group>"; };
		0F450FFF213971AF00D6B363 /* BaseUITextField.swift */ = {isa = PBXFileReference; fileEncoding = 4; lastKnownFileType = sourcecode.swift; path = BaseUITextField.swift; sourceTree = "<group>"; };
		0F4510082139730E00D6B363 /* BaseNavigationController.swift */ = {isa = PBXFileReference; lastKnownFileType = sourcecode.swift; path = BaseNavigationController.swift; sourceTree = "<group>"; };
		0F45100E213C027D00D6B363 /* LoginPresenter.swift */ = {isa = PBXFileReference; lastKnownFileType = sourcecode.swift; path = LoginPresenter.swift; sourceTree = "<group>"; };
		0F45100F213C027D00D6B363 /* LoginWorker.swift */ = {isa = PBXFileReference; lastKnownFileType = sourcecode.swift; path = LoginWorker.swift; sourceTree = "<group>"; };
		0F451010213C027D00D6B363 /* LoginRouter.swift */ = {isa = PBXFileReference; lastKnownFileType = sourcecode.swift; path = LoginRouter.swift; sourceTree = "<group>"; };
		0F451011213C027D00D6B363 /* LoginModels.swift */ = {isa = PBXFileReference; lastKnownFileType = sourcecode.swift; path = LoginModels.swift; sourceTree = "<group>"; };
		0F451012213C027D00D6B363 /* LoginViewController.swift */ = {isa = PBXFileReference; lastKnownFileType = sourcecode.swift; path = LoginViewController.swift; sourceTree = "<group>"; };
		0F451013213C027D00D6B363 /* LoginInteractor.swift */ = {isa = PBXFileReference; lastKnownFileType = sourcecode.swift; path = LoginInteractor.swift; sourceTree = "<group>"; };
		0F830A53213962E50080EAA8 /* PhotoZnapp.app */ = {isa = PBXFileReference; explicitFileType = wrapper.application; includeInIndex = 0; path = PhotoZnapp.app; sourceTree = BUILT_PRODUCTS_DIR; };
		0F830A56213962E50080EAA8 /* AppDelegate.swift */ = {isa = PBXFileReference; lastKnownFileType = sourcecode.swift; path = AppDelegate.swift; sourceTree = "<group>"; };
		0F830A5D213962E60080EAA8 /* Assets.xcassets */ = {isa = PBXFileReference; lastKnownFileType = folder.assetcatalog; path = Assets.xcassets; sourceTree = "<group>"; };
		0F830A60213962E60080EAA8 /* Base */ = {isa = PBXFileReference; lastKnownFileType = file.storyboard; name = Base; path = Base.lproj/LaunchScreen.storyboard; sourceTree = "<group>"; };
		0F830A62213962E60080EAA8 /* Info.plist */ = {isa = PBXFileReference; lastKnownFileType = text.plist.xml; path = Info.plist; sourceTree = "<group>"; };
		0F830A67213962E60080EAA8 /* PhotoZnappTests.xctest */ = {isa = PBXFileReference; explicitFileType = wrapper.cfbundle; includeInIndex = 0; path = PhotoZnappTests.xctest; sourceTree = BUILT_PRODUCTS_DIR; };
		0F830A6B213962E60080EAA8 /* PhotoZnappTests.swift */ = {isa = PBXFileReference; lastKnownFileType = sourcecode.swift; path = PhotoZnappTests.swift; sourceTree = "<group>"; };
		0F830A6D213962E60080EAA8 /* Info.plist */ = {isa = PBXFileReference; lastKnownFileType = text.plist.xml; path = Info.plist; sourceTree = "<group>"; };
		0F830A72213962E60080EAA8 /* PhotoZnappUITests.xctest */ = {isa = PBXFileReference; explicitFileType = wrapper.cfbundle; includeInIndex = 0; path = PhotoZnappUITests.xctest; sourceTree = BUILT_PRODUCTS_DIR; };
		0F830A76213962E60080EAA8 /* PhotoZnappUITests.swift */ = {isa = PBXFileReference; lastKnownFileType = sourcecode.swift; path = PhotoZnappUITests.swift; sourceTree = "<group>"; };
		0F830A78213962E60080EAA8 /* Info.plist */ = {isa = PBXFileReference; lastKnownFileType = text.plist.xml; path = Info.plist; sourceTree = "<group>"; };
		0F830A8D213963E30080EAA8 /* UIViewExtensions.swift */ = {isa = PBXFileReference; lastKnownFileType = sourcecode.swift; path = UIViewExtensions.swift; sourceTree = "<group>"; };
		0F830A8F213964770080EAA8 /* UIColorExtensions.swift */ = {isa = PBXFileReference; lastKnownFileType = sourcecode.swift; path = UIColorExtensions.swift; sourceTree = "<group>"; };
		0F830A91213964990080EAA8 /* UIViewControllerExtensions.swift */ = {isa = PBXFileReference; lastKnownFileType = sourcecode.swift; path = UIViewControllerExtensions.swift; sourceTree = "<group>"; };
		0F830A93213964BC0080EAA8 /* UITableViewExtensions.swift */ = {isa = PBXFileReference; lastKnownFileType = sourcecode.swift; path = UITableViewExtensions.swift; sourceTree = "<group>"; };
		0F830A95213964DA0080EAA8 /* UIScrollViewExtensions.swift */ = {isa = PBXFileReference; lastKnownFileType = sourcecode.swift; path = UIScrollViewExtensions.swift; sourceTree = "<group>"; };
		0F830A97213964FC0080EAA8 /* UITextViewExtensions.swift */ = {isa = PBXFileReference; lastKnownFileType = sourcecode.swift; path = UITextViewExtensions.swift; sourceTree = "<group>"; };
		0F830A99213965150080EAA8 /* Globals.swift */ = {isa = PBXFileReference; lastKnownFileType = sourcecode.swift; path = Globals.swift; sourceTree = "<group>"; };
		0F830A9B2139659A0080EAA8 /* UILabelExtensions.swift */ = {isa = PBXFileReference; lastKnownFileType = sourcecode.swift; path = UILabelExtensions.swift; sourceTree = "<group>"; };
		0F830A9D213965BF0080EAA8 /* UIImageExtensions.swift */ = {isa = PBXFileReference; lastKnownFileType = sourcecode.swift; path = UIImageExtensions.swift; sourceTree = "<group>"; };
		0F830A9F2139660F0080EAA8 /* UIImageViewExtensions.swift */ = {isa = PBXFileReference; lastKnownFileType = sourcecode.swift; path = UIImageViewExtensions.swift; sourceTree = "<group>"; };
		0F830AA1213966400080EAA8 /* UIDeviceExtensions.swift */ = {isa = PBXFileReference; lastKnownFileType = sourcecode.swift; path = UIDeviceExtensions.swift; sourceTree = "<group>"; };
		0F830AA32139670F0080EAA8 /* BaseViewController.swift */ = {isa = PBXFileReference; lastKnownFileType = sourcecode.swift; path = BaseViewController.swift; sourceTree = "<group>"; };
		0F830AA621396C240080EAA8 /* Landing.storyboard */ = {isa = PBXFileReference; lastKnownFileType = file.storyboard; path = Landing.storyboard; sourceTree = "<group>"; };
		0F830AA921396C4C0080EAA8 /* Dashboard.storyboard */ = {isa = PBXFileReference; lastKnownFileType = file.storyboard; path = Dashboard.storyboard; sourceTree = "<group>"; };
		0F9B20F8213FF12D00C86FCC /* GalleryPresenter.swift */ = {isa = PBXFileReference; lastKnownFileType = sourcecode.swift; path = GalleryPresenter.swift; sourceTree = "<group>"; };
		0F9B20F9213FF12D00C86FCC /* GalleryWorker.swift */ = {isa = PBXFileReference; lastKnownFileType = sourcecode.swift; path = GalleryWorker.swift; sourceTree = "<group>"; };
		0F9B20FA213FF12D00C86FCC /* GalleryRouter.swift */ = {isa = PBXFileReference; lastKnownFileType = sourcecode.swift; path = GalleryRouter.swift; sourceTree = "<group>"; };
		0F9B20FB213FF12D00C86FCC /* GalleryModels.swift */ = {isa = PBXFileReference; lastKnownFileType = sourcecode.swift; path = GalleryModels.swift; sourceTree = "<group>"; };
		0F9B20FC213FF12D00C86FCC /* GalleryViewController.swift */ = {isa = PBXFileReference; lastKnownFileType = sourcecode.swift; path = GalleryViewController.swift; sourceTree = "<group>"; };
		0F9B20FD213FF12D00C86FCC /* GalleryInteractor.swift */ = {isa = PBXFileReference; lastKnownFileType = sourcecode.swift; path = GalleryInteractor.swift; sourceTree = "<group>"; };
		0F9B2105213FF15B00C86FCC /* CollectionLayout.swift */ = {isa = PBXFileReference; lastKnownFileType = sourcecode.swift; path = CollectionLayout.swift; sourceTree = "<group>"; };
		0F9B2108213FF56700C86FCC /* PhotosResponse.swift */ = {isa = PBXFileReference; lastKnownFileType = sourcecode.swift; path = PhotosResponse.swift; sourceTree = "<group>"; };
		0F9B210A213FF6F300C86FCC /* Network.swift */ = {isa = PBXFileReference; lastKnownFileType = sourcecode.swift; path = Network.swift; sourceTree = "<group>"; };
		0F9B210C213FFFA300C86FCC /* NetworkProvider.swift */ = {isa = PBXFileReference; lastKnownFileType = sourcecode.swift; path = NetworkProvider.swift; sourceTree = "<group>"; };
		0F9B210F2140000D00C86FCC /* PhotoCell.swift */ = {isa = PBXFileReference; lastKnownFileType = sourcecode.swift; path = PhotoCell.swift; sourceTree = "<group>"; };
		0F9B2111214000FA00C86FCC /* BaseWorker.swift */ = {isa = PBXFileReference; lastKnownFileType = sourcecode.swift; path = BaseWorker.swift; sourceTree = "<group>"; };
		0FBB6F5266732AB45CC32788 /* Pods-PhotoZnappTests.release.xcconfig */ = {isa = PBXFileReference; includeInIndex = 1; lastKnownFileType = text.xcconfig; name = "Pods-PhotoZnappTests.release.xcconfig"; path = "Pods/Target Support Files/Pods-PhotoZnappTests/Pods-PhotoZnappTests.release.xcconfig"; sourceTree = "<group>"; };
		0FC754622146851200A660AF /* SearchPresenter.swift */ = {isa = PBXFileReference; lastKnownFileType = sourcecode.swift; path = SearchPresenter.swift; sourceTree = "<group>"; };
		0FC754632146851200A660AF /* SearchWorker.swift */ = {isa = PBXFileReference; lastKnownFileType = sourcecode.swift; path = SearchWorker.swift; sourceTree = "<group>"; };
		0FC754642146851200A660AF /* SearchRouter.swift */ = {isa = PBXFileReference; lastKnownFileType = sourcecode.swift; path = SearchRouter.swift; sourceTree = "<group>"; };
		0FC754652146851200A660AF /* SearchModels.swift */ = {isa = PBXFileReference; lastKnownFileType = sourcecode.swift; path = SearchModels.swift; sourceTree = "<group>"; };
		0FC754662146851200A660AF /* SearchViewController.swift */ = {isa = PBXFileReference; lastKnownFileType = sourcecode.swift; path = SearchViewController.swift; sourceTree = "<group>"; };
		0FC754672146851200A660AF /* SearchInteractor.swift */ = {isa = PBXFileReference; lastKnownFileType = sourcecode.swift; path = SearchInteractor.swift; sourceTree = "<group>"; };
		0FC7546F21469B4E00A660AF /* SearchResultTableViewCell.swift */ = {isa = PBXFileReference; lastKnownFileType = sourcecode.swift; path = SearchResultTableViewCell.swift; sourceTree = "<group>"; };
		0FC7547121469B6B00A660AF /* SearchResultTableViewCell.xib */ = {isa = PBXFileReference; lastKnownFileType = file.xib; path = SearchResultTableViewCell.xib; sourceTree = "<group>"; };
		0FC75473214708A300A660AF /* SearchResultUserCell.swift */ = {isa = PBXFileReference; lastKnownFileType = sourcecode.swift; path = SearchResultUserCell.swift; sourceTree = "<group>"; };
		0FC75475214708F700A660AF /* SearchResultUserCell.xib */ = {isa = PBXFileReference; lastKnownFileType = file.xib; path = SearchResultUserCell.xib; sourceTree = "<group>"; };
		0FC7547721470E3500A660AF /* BaseTabBarController.swift */ = {isa = PBXFileReference; lastKnownFileType = sourcecode.swift; path = BaseTabBarController.swift; sourceTree = "<group>"; };
		0FC7548621470F9B00A660AF /* LandingPresenter.swift */ = {isa = PBXFileReference; lastKnownFileType = sourcecode.swift; path = LandingPresenter.swift; sourceTree = "<group>"; };
		0FC7548721470F9B00A660AF /* LandingWorker.swift */ = {isa = PBXFileReference; lastKnownFileType = sourcecode.swift; path = LandingWorker.swift; sourceTree = "<group>"; };
		0FC7548821470F9B00A660AF /* LandingRouter.swift */ = {isa = PBXFileReference; lastKnownFileType = sourcecode.swift; path = LandingRouter.swift; sourceTree = "<group>"; };
		0FC7548921470F9B00A660AF /* LandingModels.swift */ = {isa = PBXFileReference; lastKnownFileType = sourcecode.swift; path = LandingModels.swift; sourceTree = "<group>"; };
		0FC7548A21470F9B00A660AF /* LandingViewController.swift */ = {isa = PBXFileReference; lastKnownFileType = sourcecode.swift; path = LandingViewController.swift; sourceTree = "<group>"; };
		0FC7548B21470F9B00A660AF /* LandingInteractor.swift */ = {isa = PBXFileReference; lastKnownFileType = sourcecode.swift; path = LandingInteractor.swift; sourceTree = "<group>"; };
		0FC754922147132100A660AF /* AnimatedNavigationController.swift */ = {isa = PBXFileReference; lastKnownFileType = sourcecode.swift; path = AnimatedNavigationController.swift; sourceTree = "<group>"; };
		172D0CA55C1C00663BC78042 /* Pods-PhotoZnappUITests.release.xcconfig */ = {isa = PBXFileReference; includeInIndex = 1; lastKnownFileType = text.xcconfig; name = "Pods-PhotoZnappUITests.release.xcconfig"; path = "Pods/Target Support Files/Pods-PhotoZnappUITests/Pods-PhotoZnappUITests.release.xcconfig"; sourceTree = "<group>"; };
		2AA45D8752307EDA94F692EE /* Pods-PhotoZnappTests.debug.xcconfig */ = {isa = PBXFileReference; includeInIndex = 1; lastKnownFileType = text.xcconfig; name = "Pods-PhotoZnappTests.debug.xcconfig"; path = "Pods/Target Support Files/Pods-PhotoZnappTests/Pods-PhotoZnappTests.debug.xcconfig"; sourceTree = "<group>"; };
		57F4F5CE8806801BF046CC54 /* Pods-PhotoZnapp.release.xcconfig */ = {isa = PBXFileReference; includeInIndex = 1; lastKnownFileType = text.xcconfig; name = "Pods-PhotoZnapp.release.xcconfig"; path = "Pods/Target Support Files/Pods-PhotoZnapp/Pods-PhotoZnapp.release.xcconfig"; sourceTree = "<group>"; };
		9F4C86BE5BF397060042207E /* Pods-PhotoZnappUITests.debug.xcconfig */ = {isa = PBXFileReference; includeInIndex = 1; lastKnownFileType = text.xcconfig; name = "Pods-PhotoZnappUITests.debug.xcconfig"; path = "Pods/Target Support Files/Pods-PhotoZnappUITests/Pods-PhotoZnappUITests.debug.xcconfig"; sourceTree = "<group>"; };
		C58D7C5B2A7C833C5BF9BAD5 /* Pods_PhotoZnappTests.framework */ = {isa = PBXFileReference; explicitFileType = wrapper.framework; includeInIndex = 0; path = Pods_PhotoZnappTests.framework; sourceTree = BUILT_PRODUCTS_DIR; };
		EA4A618F065EEBFE56C83BBD /* Pods-PhotoZnapp.debug.xcconfig */ = {isa = PBXFileReference; includeInIndex = 1; lastKnownFileType = text.xcconfig; name = "Pods-PhotoZnapp.debug.xcconfig"; path = "Pods/Target Support Files/Pods-PhotoZnapp/Pods-PhotoZnapp.debug.xcconfig"; sourceTree = "<group>"; };
/* End PBXFileReference section */

/* Begin PBXFrameworksBuildPhase section */
		0F830A50213962E50080EAA8 /* Frameworks */ = {
			isa = PBXFrameworksBuildPhase;
			buildActionMask = 2147483647;
			files = (
				677CC24BBDE99A58F13CD9BD /* Pods_PhotoZnapp.framework in Frameworks */,
			);
			runOnlyForDeploymentPostprocessing = 0;
		};
		0F830A64213962E60080EAA8 /* Frameworks */ = {
			isa = PBXFrameworksBuildPhase;
			buildActionMask = 2147483647;
			files = (
				99E67CA8FA6A8CE08580F2A8 /* Pods_PhotoZnappTests.framework in Frameworks */,
			);
			runOnlyForDeploymentPostprocessing = 0;
		};
		0F830A6F213962E60080EAA8 /* Frameworks */ = {
			isa = PBXFrameworksBuildPhase;
			buildActionMask = 2147483647;
			files = (
				5C4269598B021BFD51A7C6CC /* Pods_PhotoZnappUITests.framework in Frameworks */,
			);
			runOnlyForDeploymentPostprocessing = 0;
		};
/* End PBXFrameworksBuildPhase section */

/* Begin PBXGroup section */
		0F3EC9172141178800FB3062 /* Transitions */ = {
			isa = PBXGroup;
			children = (
				0F3EC918214117A400FB3062 /* BKTransitionProcotol.swift */,
				0F3EC91C214118EE00FB3062 /* BKTransition.swift */,
			);
			path = Transitions;
			sourceTree = "<group>";
		};
		0F3EC9232141D30500FB3062 /* Collection Cells */ = {
			isa = PBXGroup;
			children = (
				0F3EC9242141D31700FB3062 /* PageCell */,
				0F9B210E213FFFF200C86FCC /* PhotoCell */,
			);
			path = "Collection Cells";
			sourceTree = "<group>";
		};
		0F3EC9242141D31700FB3062 /* PageCell */ = {
			isa = PBXGroup;
			children = (
				0F3EC9202141211400FB3062 /* HorizontalPageViewCell.swift */,
				0F3EC92C2145272000FB3062 /* HorizontalPageViewCell.xib */,
			);
			path = PageCell;
			sourceTree = "<group>";
		};
		0F3EC925214271C000FB3062 /* Table Cells */ = {
			isa = PBXGroup;
			children = (
				0F3EC926214271F100FB3062 /* PhotoTableViewCell.swift */,
				0F3EC930214598BC00FB3062 /* PhotoTableViewCell.xib */,
				0F3EC928214299CA00FB3062 /* ProfileRowCell.swift */,
				0F3EC92A21429A0600FB3062 /* ProfileRowCell.xib */,
				0FC7546F21469B4E00A660AF /* SearchResultTableViewCell.swift */,
				0FC7547121469B6B00A660AF /* SearchResultTableViewCell.xib */,
				0FC75473214708A300A660AF /* SearchResultUserCell.swift */,
				0FC75475214708F700A660AF /* SearchResultUserCell.xib */,
			);
			path = "Table Cells";
			sourceTree = "<group>";
		};
		0F3EC9362145E34500FB3062 /* Loader */ = {
			isa = PBXGroup;
			children = (
				0F3EC9372145E35500FB3062 /* Loader.xib */,
				0F3EC9392145E39000FB3062 /* Loader.swift */,
			);
			path = Loader;
			sourceTree = "<group>";
		};
		0F450FDE2139713C00D6B363 /* Resources */ = {
			isa = PBXGroup;
			children = (
				0F3EC9342145E30600FB3062 /* animation-w800-h600.json */,
				0F450FE02139713C00D6B363 /* Fonts */,
			);
			path = Resources;
			sourceTree = "<group>";
		};
		0F450FE02139713C00D6B363 /* Fonts */ = {
			isa = PBXGroup;
			children = (
				0F450FE12139713C00D6B363 /* Ubuntu-M.ttf */,
				0F450FE22139713C00D6B363 /* Ubuntu-L.ttf */,
				0F450FE32139713C00D6B363 /* Ubuntu-BI.ttf */,
				0F450FE42139713C00D6B363 /* Ubuntu-MI.ttf */,
				0F450FE52139713C00D6B363 /* Ubuntu-R.ttf */,
				0F450FE62139713C00D6B363 /* Ubuntu-LI.ttf */,
				0F450FE72139713C00D6B363 /* Ubuntu-B.ttf */,
				0F450FE82139713C00D6B363 /* Ubuntu-RI.ttf */,
			);
			path = Fonts;
			sourceTree = "<group>";
		};
		0F450FF22139718F00D6B363 /* UI Components */ = {
			isa = PBXGroup;
			children = (
				0F450FF8213971AE00D6B363 /* BaseTableViewCell */,
				0F450FF3213971AE00D6B363 /* BaseTextView */,
				0F450FFA213971AE00D6B363 /* BaseUIButton */,
				0F450FF5213971AE00D6B363 /* BaseUILabel */,
				0F450FFD213971AF00D6B363 /* BaseUITextField */,
				0F9B2104213FF13E00C86FCC /* Collection Layouts */,
				0F3EC9232141D30500FB3062 /* Collection Cells */,
				0F3EC9362145E34500FB3062 /* Loader */,
				0F3EC925214271C000FB3062 /* Table Cells */,
				0FC7547721470E3500A660AF /* BaseTabBarController.swift */,
			);
			path = "UI Components";
			sourceTree = "<group>";
		};
		0F450FF3213971AE00D6B363 /* BaseTextView */ = {
			isa = PBXGroup;
			children = (
				0F450FF4213971AE00D6B363 /* BaseTextView.swift */,
			);
			path = BaseTextView;
			sourceTree = "<group>";
		};
		0F450FF5213971AE00D6B363 /* BaseUILabel */ = {
			isa = PBXGroup;
			children = (
				0F450FF6213971AE00D6B363 /* BaseUILabel.swift */,
				0F450FF7213971AE00D6B363 /* BaseUILabel+Subs.swift */,
			);
			path = BaseUILabel;
			sourceTree = "<group>";
		};
		0F450FF8213971AE00D6B363 /* BaseTableViewCell */ = {
			isa = PBXGroup;
			children = (
				0F450FF9213971AE00D6B363 /* BaseTableViewCell.swift */,
			);
			path = BaseTableViewCell;
			sourceTree = "<group>";
		};
		0F450FFA213971AE00D6B363 /* BaseUIButton */ = {
			isa = PBXGroup;
			children = (
				0F450FFB213971AE00D6B363 /* BaseUIButton.swift */,
				0F450FFC213971AE00D6B363 /* BaseUIButton+Subs.swift */,
			);
			path = BaseUIButton;
			sourceTree = "<group>";
		};
		0F450FFD213971AF00D6B363 /* BaseUITextField */ = {
			isa = PBXGroup;
			children = (
				0F450FFE213971AF00D6B363 /* BaseUITextField+Subs.swift */,
				0F450FFF213971AF00D6B363 /* BaseUITextField.swift */,
			);
			path = BaseUITextField;
			sourceTree = "<group>";
		};
		0F45100A2139776800D6B363 /* Landing & Login */ = {
			isa = PBXGroup;
			children = (
				0FC7547921470F6B00A660AF /* Landing */,
				0F45100D213C026500D6B363 /* Login */,
			);
			path = "Landing & Login";
			sourceTree = "<group>";
		};
		0F45100D213C026500D6B363 /* Login */ = {
			isa = PBXGroup;
			children = (
				0F45100E213C027D00D6B363 /* LoginPresenter.swift */,
				0F45100F213C027D00D6B363 /* LoginWorker.swift */,
				0F451010213C027D00D6B363 /* LoginRouter.swift */,
				0F451011213C027D00D6B363 /* LoginModels.swift */,
				0F451012213C027D00D6B363 /* LoginViewController.swift */,
				0F451013213C027D00D6B363 /* LoginInteractor.swift */,
			);
			path = Login;
			sourceTree = "<group>";
		};
		0F830A4A213962E50080EAA8 = {
			isa = PBXGroup;
			children = (
				0F830A55213962E50080EAA8 /* PhotoZnapp */,
				0F830A6A213962E60080EAA8 /* PhotoZnappTests */,
				0F830A75213962E60080EAA8 /* PhotoZnappUITests */,
				0F830A54213962E50080EAA8 /* Products */,
				822C971625C62CC42DEDE9CF /* Pods */,
				79807D322ED9BBBCED07444C /* Frameworks */,
			);
			sourceTree = "<group>";
		};
		0F830A54213962E50080EAA8 /* Products */ = {
			isa = PBXGroup;
			children = (
				0F830A53213962E50080EAA8 /* PhotoZnapp.app */,
				0F830A67213962E60080EAA8 /* PhotoZnappTests.xctest */,
				0F830A72213962E60080EAA8 /* PhotoZnappUITests.xctest */,
			);
			name = Products;
			sourceTree = "<group>";
		};
		0F830A55213962E50080EAA8 /* PhotoZnapp */ = {
			isa = PBXGroup;
			children = (
				0F830A84213962F30080EAA8 /* App */,
				0F830A882139636E0080EAA8 /* Moya+Provider */,
				0F450FDE2139713C00D6B363 /* Resources */,
				0F830A892139636F0080EAA8 /* Support Files */,
				0F830A8A2139636F0080EAA8 /* Utilities */,
				0F830A62213962E60080EAA8 /* Info.plist */,
				0F830A5D213962E60080EAA8 /* Assets.xcassets */,
			);
			path = PhotoZnapp;
			sourceTree = "<group>";
		};
		0F830A6A213962E60080EAA8 /* PhotoZnappTests */ = {
			isa = PBXGroup;
			children = (
				0F830A6B213962E60080EAA8 /* PhotoZnappTests.swift */,
				0F830A6D213962E60080EAA8 /* Info.plist */,
			);
			path = PhotoZnappTests;
			sourceTree = "<group>";
		};
		0F830A75213962E60080EAA8 /* PhotoZnappUITests */ = {
			isa = PBXGroup;
			children = (
				0F830A76213962E60080EAA8 /* PhotoZnappUITests.swift */,
				0F830A78213962E60080EAA8 /* Info.plist */,
			);
			path = PhotoZnappUITests;
			sourceTree = "<group>";
		};
		0F830A84213962F30080EAA8 /* App */ = {
			isa = PBXGroup;
			children = (
				0F830A8B213963870080EAA8 /* Base */,
				0F830A85213963620080EAA8 /* Schenes */,
				0F830A86213963620080EAA8 /* Storyboards */,
				0F450FF22139718F00D6B363 /* UI Components */,
			);
			path = App;
			sourceTree = "<group>";
		};
		0F830A85213963620080EAA8 /* Schenes */ = {
			isa = PBXGroup;
			children = (
				0F9B20F6213FF03100C86FCC /* Dashboard */,
				0F45100A2139776800D6B363 /* Landing & Login */,
			);
			path = Schenes;
			sourceTree = "<group>";
		};
		0F830A86213963620080EAA8 /* Storyboards */ = {
			isa = PBXGroup;
			children = (
				0F830AA821396C3D0080EAA8 /* Dashboard */,
				0F830AA521396C150080EAA8 /* Landing & Launch */,
			);
			path = Storyboards;
			sourceTree = "<group>";
		};
		0F830A882139636E0080EAA8 /* Moya+Provider */ = {
			isa = PBXGroup;
			children = (
				0F9B2107213FF53C00C86FCC /* Response Models */,
				0F9B210A213FF6F300C86FCC /* Network.swift */,
				0F9B210C213FFFA300C86FCC /* NetworkProvider.swift */,
			);
			path = "Moya+Provider";
			sourceTree = "<group>";
		};
		0F830A892139636F0080EAA8 /* Support Files */ = {
			isa = PBXGroup;
			children = (
				0F830A56213962E50080EAA8 /* AppDelegate.swift */,
			);
			path = "Support Files";
			sourceTree = "<group>";
		};
		0F830A8A2139636F0080EAA8 /* Utilities */ = {
			isa = PBXGroup;
			children = (
				0F830A8C213963A60080EAA8 /* Extensions */,
				0F3EC9172141178800FB3062 /* Transitions */,
				0F9B2111214000FA00C86FCC /* BaseWorker.swift */,
				0F830A99213965150080EAA8 /* Globals.swift */,
			);
			path = Utilities;
			sourceTree = "<group>";
		};
		0F830A8B213963870080EAA8 /* Base */ = {
			isa = PBXGroup;
			children = (
				0FC754922147132100A660AF /* AnimatedNavigationController.swift */,
				0F830AA32139670F0080EAA8 /* BaseViewController.swift */,
				0F3EC9322145D8BD00FB3062 /* BaseCollectionViewController.swift */,
				0F4510082139730E00D6B363 /* BaseNavigationController.swift */,
			);
			path = Base;
			sourceTree = "<group>";
		};
		0F830A8C213963A60080EAA8 /* Extensions */ = {
			isa = PBXGroup;
			children = (
				0F830A8F213964770080EAA8 /* UIColorExtensions.swift */,
				0F830AA1213966400080EAA8 /* UIDeviceExtensions.swift */,
				0F830A9D213965BF0080EAA8 /* UIImageExtensions.swift */,
				0F830A9F2139660F0080EAA8 /* UIImageViewExtensions.swift */,
				0F830A9B2139659A0080EAA8 /* UILabelExtensions.swift */,
				0F830A95213964DA0080EAA8 /* UIScrollViewExtensions.swift */,
				0F830A93213964BC0080EAA8 /* UITableViewExtensions.swift */,
				0F830A8D213963E30080EAA8 /* UIViewExtensions.swift */,
				0F830A91213964990080EAA8 /* UIViewControllerExtensions.swift */,
				0F830A97213964FC0080EAA8 /* UITextViewExtensions.swift */,
				0F3EC91A2141182000FB3062 /* UICollectionViewExtensions.swift */,
				0F3EC92E21454E0600FB3062 /* UINavigationExtensions.swift */,
			);
			path = Extensions;
			sourceTree = "<group>";
		};
		0F830AA521396C150080EAA8 /* Landing & Launch */ = {
			isa = PBXGroup;
			children = (
				0F830A5F213962E60080EAA8 /* LaunchScreen.storyboard */,
				0F830AA621396C240080EAA8 /* Landing.storyboard */,
			);
			path = "Landing & Launch";
			sourceTree = "<group>";
		};
		0F830AA821396C3D0080EAA8 /* Dashboard */ = {
			isa = PBXGroup;
			children = (
				0F830AA921396C4C0080EAA8 /* Dashboard.storyboard */,
			);
			path = Dashboard;
			sourceTree = "<group>";
		};
		0F9B20F6213FF03100C86FCC /* Dashboard */ = {
			isa = PBXGroup;
			children = (
				0F9B20F7213FF03B00C86FCC /* Gallery */,
				0FC75461214684F900A660AF /* Search */,
			);
			path = Dashboard;
			sourceTree = "<group>";
		};
		0F9B20F7213FF03B00C86FCC /* Gallery */ = {
			isa = PBXGroup;
			children = (
				0F3EC91E214120D800FB3062 /* HorizontalPageViewController.swift */,
				0F9B20F8213FF12D00C86FCC /* GalleryPresenter.swift */,
				0F9B20F9213FF12D00C86FCC /* GalleryWorker.swift */,
				0F9B20FA213FF12D00C86FCC /* GalleryRouter.swift */,
				0F9B20FB213FF12D00C86FCC /* GalleryModels.swift */,
				0F9B20FC213FF12D00C86FCC /* GalleryViewController.swift */,
				0F9B20FD213FF12D00C86FCC /* GalleryInteractor.swift */,
			);
			path = Gallery;
			sourceTree = "<group>";
		};
		0F9B2104213FF13E00C86FCC /* Collection Layouts */ = {
			isa = PBXGroup;
			children = (
				0F9B2105213FF15B00C86FCC /* CollectionLayout.swift */,
			);
			path = "Collection Layouts";
			sourceTree = "<group>";
		};
		0F9B2107213FF53C00C86FCC /* Response Models */ = {
			isa = PBXGroup;
			children = (
				0F9B2108213FF56700C86FCC /* PhotosResponse.swift */,
			);
			path = "Response Models";
			sourceTree = "<group>";
		};
		0F9B210E213FFFF200C86FCC /* PhotoCell */ = {
			isa = PBXGroup;
			children = (
				0F9B210F2140000D00C86FCC /* PhotoCell.swift */,
			);
			path = PhotoCell;
			sourceTree = "<group>";
		};
		0FC75461214684F900A660AF /* Search */ = {
			isa = PBXGroup;
			children = (
				0FC754622146851200A660AF /* SearchPresenter.swift */,
				0FC754632146851200A660AF /* SearchWorker.swift */,
				0FC754642146851200A660AF /* SearchRouter.swift */,
				0FC754652146851200A660AF /* SearchModels.swift */,
				0FC754662146851200A660AF /* SearchViewController.swift */,
				0FC754672146851200A660AF /* SearchInteractor.swift */,
			);
			path = Search;
			sourceTree = "<group>";
		};
		0FC7547921470F6B00A660AF /* Landing */ = {
			isa = PBXGroup;
			children = (
				0FC7548621470F9B00A660AF /* LandingPresenter.swift */,
				0FC7548721470F9B00A660AF /* LandingWorker.swift */,
				0FC7548821470F9B00A660AF /* LandingRouter.swift */,
				0FC7548921470F9B00A660AF /* LandingModels.swift */,
				0FC7548A21470F9B00A660AF /* LandingViewController.swift */,
				0FC7548B21470F9B00A660AF /* LandingInteractor.swift */,
			);
			path = Landing;
			sourceTree = "<group>";
		};
		79807D322ED9BBBCED07444C /* Frameworks */ = {
			isa = PBXGroup;
			children = (
				09247C85C3D051F821D19698 /* Pods_PhotoZnapp.framework */,
				C58D7C5B2A7C833C5BF9BAD5 /* Pods_PhotoZnappTests.framework */,
				03D8DF00E3BBA6D0D106BA49 /* Pods_PhotoZnappUITests.framework */,
			);
			name = Frameworks;
			sourceTree = "<group>";
		};
		822C971625C62CC42DEDE9CF /* Pods */ = {
			isa = PBXGroup;
			children = (
				EA4A618F065EEBFE56C83BBD /* Pods-PhotoZnapp.debug.xcconfig */,
				57F4F5CE8806801BF046CC54 /* Pods-PhotoZnapp.release.xcconfig */,
				2AA45D8752307EDA94F692EE /* Pods-PhotoZnappTests.debug.xcconfig */,
				0FBB6F5266732AB45CC32788 /* Pods-PhotoZnappTests.release.xcconfig */,
				9F4C86BE5BF397060042207E /* Pods-PhotoZnappUITests.debug.xcconfig */,
				172D0CA55C1C00663BC78042 /* Pods-PhotoZnappUITests.release.xcconfig */,
			);
			name = Pods;
			sourceTree = "<group>";
		};
/* End PBXGroup section */

/* Begin PBXNativeTarget section */
		0F830A52213962E50080EAA8 /* PhotoZnapp */ = {
			isa = PBXNativeTarget;
			buildConfigurationList = 0F830A7B213962E60080EAA8 /* Build configuration list for PBXNativeTarget "PhotoZnapp" */;
			buildPhases = (
				CB8ABCD64E963BBA278705F8 /* [CP] Check Pods Manifest.lock */,
				0F830A4F213962E50080EAA8 /* Sources */,
				0F830A50213962E50080EAA8 /* Frameworks */,
				0F830A51213962E50080EAA8 /* Resources */,
				F01211BE6A13FEFFEB6F0910 /* [CP] Embed Pods Frameworks */,
			);
			buildRules = (
			);
			dependencies = (
			);
			name = PhotoZnapp;
			productName = PhotoZnapp;
			productReference = 0F830A53213962E50080EAA8 /* PhotoZnapp.app */;
			productType = "com.apple.product-type.application";
		};
		0F830A66213962E60080EAA8 /* PhotoZnappTests */ = {
			isa = PBXNativeTarget;
			buildConfigurationList = 0F830A7E213962E60080EAA8 /* Build configuration list for PBXNativeTarget "PhotoZnappTests" */;
			buildPhases = (
				F0F25D1AFCC342AF133B1B8A /* [CP] Check Pods Manifest.lock */,
				0F830A63213962E60080EAA8 /* Sources */,
				0F830A64213962E60080EAA8 /* Frameworks */,
				0F830A65213962E60080EAA8 /* Resources */,
			);
			buildRules = (
			);
			dependencies = (
				0F830A69213962E60080EAA8 /* PBXTargetDependency */,
			);
			name = PhotoZnappTests;
			productName = PhotoZnappTests;
			productReference = 0F830A67213962E60080EAA8 /* PhotoZnappTests.xctest */;
			productType = "com.apple.product-type.bundle.unit-test";
		};
		0F830A71213962E60080EAA8 /* PhotoZnappUITests */ = {
			isa = PBXNativeTarget;
			buildConfigurationList = 0F830A81213962E60080EAA8 /* Build configuration list for PBXNativeTarget "PhotoZnappUITests" */;
			buildPhases = (
				67227D81D0E9287827C1FC40 /* [CP] Check Pods Manifest.lock */,
				0F830A6E213962E60080EAA8 /* Sources */,
				0F830A6F213962E60080EAA8 /* Frameworks */,
				0F830A70213962E60080EAA8 /* Resources */,
			);
			buildRules = (
			);
			dependencies = (
				0F830A74213962E60080EAA8 /* PBXTargetDependency */,
			);
			name = PhotoZnappUITests;
			productName = PhotoZnappUITests;
			productReference = 0F830A72213962E60080EAA8 /* PhotoZnappUITests.xctest */;
			productType = "com.apple.product-type.bundle.ui-testing";
		};
/* End PBXNativeTarget section */

/* Begin PBXProject section */
		0F830A4B213962E50080EAA8 /* Project object */ = {
			isa = PBXProject;
			attributes = {
				LastSwiftUpdateCheck = 0940;
				LastUpgradeCheck = 0940;
				ORGANIZATIONNAME = "Be Mobile";
				TargetAttributes = {
					0F830A52213962E50080EAA8 = {
						CreatedOnToolsVersion = 9.4.1;
					};
					0F830A66213962E60080EAA8 = {
						CreatedOnToolsVersion = 9.4.1;
						TestTargetID = 0F830A52213962E50080EAA8;
					};
					0F830A71213962E60080EAA8 = {
						CreatedOnToolsVersion = 9.4.1;
						TestTargetID = 0F830A52213962E50080EAA8;
					};
				};
			};
			buildConfigurationList = 0F830A4E213962E50080EAA8 /* Build configuration list for PBXProject "PhotoZnapp" */;
			compatibilityVersion = "Xcode 9.3";
			developmentRegion = en;
			hasScannedForEncodings = 0;
			knownRegions = (
				en,
				Base,
			);
			mainGroup = 0F830A4A213962E50080EAA8;
			productRefGroup = 0F830A54213962E50080EAA8 /* Products */;
			projectDirPath = "";
			projectRoot = "";
			targets = (
				0F830A52213962E50080EAA8 /* PhotoZnapp */,
				0F830A66213962E60080EAA8 /* PhotoZnappTests */,
				0F830A71213962E60080EAA8 /* PhotoZnappUITests */,
			);
		};
/* End PBXProject section */

/* Begin PBXResourcesBuildPhase section */
		0F830A51213962E50080EAA8 /* Resources */ = {
			isa = PBXResourcesBuildPhase;
			buildActionMask = 2147483647;
			files = (
				0F830A61213962E60080EAA8 /* LaunchScreen.storyboard in Resources */,
				0F450FED2139713C00D6B363 /* Ubuntu-MI.ttf in Resources */,
				0F3EC9382145E35500FB3062 /* Loader.xib in Resources */,
				0F450FEA2139713C00D6B363 /* Ubuntu-M.ttf in Resources */,
				0F3EC9352145E30600FB3062 /* animation-w800-h600.json in Resources */,
				0F830AAA21396C4C0080EAA8 /* Dashboard.storyboard in Resources */,
				0F450FF12139713C00D6B363 /* Ubuntu-RI.ttf in Resources */,
				0F3EC931214598BC00FB3062 /* PhotoTableViewCell.xib in Resources */,
				0F830A5E213962E60080EAA8 /* Assets.xcassets in Resources */,
				0FC75476214708F700A660AF /* SearchResultUserCell.xib in Resources */,
				0F450FEB2139713C00D6B363 /* Ubuntu-L.ttf in Resources */,
				0F450FEF2139713C00D6B363 /* Ubuntu-LI.ttf in Resources */,
				0F830AA721396C240080EAA8 /* Landing.storyboard in Resources */,
				0F450FF02139713C00D6B363 /* Ubuntu-B.ttf in Resources */,
				0F3EC92D2145272000FB3062 /* HorizontalPageViewCell.xib in Resources */,
				0F450FEE2139713C00D6B363 /* Ubuntu-R.ttf in Resources */,
				0F3EC92B21429A0600FB3062 /* ProfileRowCell.xib in Resources */,
				0F450FEC2139713C00D6B363 /* Ubuntu-BI.ttf in Resources */,
				0FC7547221469B6B00A660AF /* SearchResultTableViewCell.xib in Resources */,
			);
			runOnlyForDeploymentPostprocessing = 0;
		};
		0F830A65213962E60080EAA8 /* Resources */ = {
			isa = PBXResourcesBuildPhase;
			buildActionMask = 2147483647;
			files = (
			);
			runOnlyForDeploymentPostprocessing = 0;
		};
		0F830A70213962E60080EAA8 /* Resources */ = {
			isa = PBXResourcesBuildPhase;
			buildActionMask = 2147483647;
			files = (
			);
			runOnlyForDeploymentPostprocessing = 0;
		};
/* End PBXResourcesBuildPhase section */

/* Begin PBXShellScriptBuildPhase section */
		67227D81D0E9287827C1FC40 /* [CP] Check Pods Manifest.lock */ = {
			isa = PBXShellScriptBuildPhase;
			buildActionMask = 2147483647;
			files = (
			);
			inputPaths = (
				"${PODS_PODFILE_DIR_PATH}/Podfile.lock",
				"${PODS_ROOT}/Manifest.lock",
			);
			name = "[CP] Check Pods Manifest.lock";
			outputPaths = (
				"$(DERIVED_FILE_DIR)/Pods-PhotoZnappUITests-checkManifestLockResult.txt",
			);
			runOnlyForDeploymentPostprocessing = 0;
			shellPath = /bin/sh;
			shellScript = "diff \"${PODS_PODFILE_DIR_PATH}/Podfile.lock\" \"${PODS_ROOT}/Manifest.lock\" > /dev/null\nif [ $? != 0 ] ; then\n    # print error to STDERR\n    echo \"error: The sandbox is not in sync with the Podfile.lock. Run 'pod install' or update your CocoaPods installation.\" >&2\n    exit 1\nfi\n# This output is used by Xcode 'outputs' to avoid re-running this script phase.\necho \"SUCCESS\" > \"${SCRIPT_OUTPUT_FILE_0}\"\n";
			showEnvVarsInLog = 0;
		};
		CB8ABCD64E963BBA278705F8 /* [CP] Check Pods Manifest.lock */ = {
			isa = PBXShellScriptBuildPhase;
			buildActionMask = 2147483647;
			files = (
			);
			inputPaths = (
				"${PODS_PODFILE_DIR_PATH}/Podfile.lock",
				"${PODS_ROOT}/Manifest.lock",
			);
			name = "[CP] Check Pods Manifest.lock";
			outputPaths = (
				"$(DERIVED_FILE_DIR)/Pods-PhotoZnapp-checkManifestLockResult.txt",
			);
			runOnlyForDeploymentPostprocessing = 0;
			shellPath = /bin/sh;
			shellScript = "diff \"${PODS_PODFILE_DIR_PATH}/Podfile.lock\" \"${PODS_ROOT}/Manifest.lock\" > /dev/null\nif [ $? != 0 ] ; then\n    # print error to STDERR\n    echo \"error: The sandbox is not in sync with the Podfile.lock. Run 'pod install' or update your CocoaPods installation.\" >&2\n    exit 1\nfi\n# This output is used by Xcode 'outputs' to avoid re-running this script phase.\necho \"SUCCESS\" > \"${SCRIPT_OUTPUT_FILE_0}\"\n";
			showEnvVarsInLog = 0;
		};
		F01211BE6A13FEFFEB6F0910 /* [CP] Embed Pods Frameworks */ = {
			isa = PBXShellScriptBuildPhase;
			buildActionMask = 2147483647;
			files = (
			);
			inputPaths = (
				"${SRCROOT}/Pods/Target Support Files/Pods-PhotoZnapp/Pods-PhotoZnapp-frameworks.sh",
				"${BUILT_PRODUCTS_DIR}/Alamofire/Alamofire.framework",
				"${BUILT_PRODUCTS_DIR}/Moya/Moya.framework",
				"${BUILT_PRODUCTS_DIR}/Result/Result.framework",
				"${BUILT_PRODUCTS_DIR}/lottie-ios/Lottie.framework",
			);
			name = "[CP] Embed Pods Frameworks";
			outputPaths = (
				"${TARGET_BUILD_DIR}/${FRAMEWORKS_FOLDER_PATH}/Alamofire.framework",
				"${TARGET_BUILD_DIR}/${FRAMEWORKS_FOLDER_PATH}/Moya.framework",
				"${TARGET_BUILD_DIR}/${FRAMEWORKS_FOLDER_PATH}/Result.framework",
				"${TARGET_BUILD_DIR}/${FRAMEWORKS_FOLDER_PATH}/Lottie.framework",
			);
			runOnlyForDeploymentPostprocessing = 0;
			shellPath = /bin/sh;
			shellScript = "\"${SRCROOT}/Pods/Target Support Files/Pods-PhotoZnapp/Pods-PhotoZnapp-frameworks.sh\"\n";
			showEnvVarsInLog = 0;
		};
		F0F25D1AFCC342AF133B1B8A /* [CP] Check Pods Manifest.lock */ = {
			isa = PBXShellScriptBuildPhase;
			buildActionMask = 2147483647;
			files = (
			);
			inputPaths = (
				"${PODS_PODFILE_DIR_PATH}/Podfile.lock",
				"${PODS_ROOT}/Manifest.lock",
			);
			name = "[CP] Check Pods Manifest.lock";
			outputPaths = (
				"$(DERIVED_FILE_DIR)/Pods-PhotoZnappTests-checkManifestLockResult.txt",
			);
			runOnlyForDeploymentPostprocessing = 0;
			shellPath = /bin/sh;
			shellScript = "diff \"${PODS_PODFILE_DIR_PATH}/Podfile.lock\" \"${PODS_ROOT}/Manifest.lock\" > /dev/null\nif [ $? != 0 ] ; then\n    # print error to STDERR\n    echo \"error: The sandbox is not in sync with the Podfile.lock. Run 'pod install' or update your CocoaPods installation.\" >&2\n    exit 1\nfi\n# This output is used by Xcode 'outputs' to avoid re-running this script phase.\necho \"SUCCESS\" > \"${SCRIPT_OUTPUT_FILE_0}\"\n";
			showEnvVarsInLog = 0;
		};
/* End PBXShellScriptBuildPhase section */

/* Begin PBXSourcesBuildPhase section */
		0F830A4F213962E50080EAA8 /* Sources */ = {
			isa = PBXSourcesBuildPhase;
			buildActionMask = 2147483647;
			files = (
				0F4510092139730E00D6B363 /* BaseNavigationController.swift in Sources */,
				0F3EC91D214118EE00FB3062 /* BKTransition.swift in Sources */,
				0F9B2112214000FA00C86FCC /* BaseWorker.swift in Sources */,
				0F451007213971AF00D6B363 /* BaseUITextField.swift in Sources */,
				0F830A8E213963E30080EAA8 /* UIViewExtensions.swift in Sources */,
				0FC7546D2146851200A660AF /* SearchInteractor.swift in Sources */,
				0F451014213C027D00D6B363 /* LoginPresenter.swift in Sources */,
				0F451018213C027D00D6B363 /* LoginViewController.swift in Sources */,
				0F451000213971AF00D6B363 /* BaseTextView.swift in Sources */,
				0F451019213C027D00D6B363 /* LoginInteractor.swift in Sources */,
				0FC7548D21470F9B00A660AF /* LandingWorker.swift in Sources */,
				0F9B2109213FF56700C86FCC /* PhotosResponse.swift in Sources */,
				0F9B210B213FF6F300C86FCC /* Network.swift in Sources */,
				0F9B210D213FFFA300C86FCC /* NetworkProvider.swift in Sources */,
				0F451005213971AF00D6B363 /* BaseUIButton+Subs.swift in Sources */,
				0F830AA2213966400080EAA8 /* UIDeviceExtensions.swift in Sources */,
				0F451017213C027D00D6B363 /* LoginModels.swift in Sources */,
				0F9B20FF213FF12D00C86FCC /* GalleryWorker.swift in Sources */,
				0FC75474214708A300A660AF /* SearchResultUserCell.swift in Sources */,
				0F451003213971AF00D6B363 /* BaseTableViewCell.swift in Sources */,
				0FC7549121470F9B00A660AF /* LandingInteractor.swift in Sources */,
				0F3EC93A2145E39000FB3062 /* Loader.swift in Sources */,
				0FC754682146851200A660AF /* SearchPresenter.swift in Sources */,
				0F3EC929214299CA00FB3062 /* ProfileRowCell.swift in Sources */,
				0F830A9C2139659A0080EAA8 /* UILabelExtensions.swift in Sources */,
				0F9B2101213FF12D00C86FCC /* GalleryModels.swift in Sources */,
				0F451001213971AF00D6B363 /* BaseUILabel.swift in Sources */,
				0FC7547021469B4E00A660AF /* SearchResultTableViewCell.swift in Sources */,
				0F830A92213964990080EAA8 /* UIViewControllerExtensions.swift in Sources */,
				0FC7548E21470F9B00A660AF /* LandingRouter.swift in Sources */,
				0F830AA42139670F0080EAA8 /* BaseViewController.swift in Sources */,
				0F451016213C027D00D6B363 /* LoginRouter.swift in Sources */,
				0FC7546C2146851200A660AF /* SearchViewController.swift in Sources */,
				0F830A98213964FC0080EAA8 /* UITextViewExtensions.swift in Sources */,
				0FC7547821470E3500A660AF /* BaseTabBarController.swift in Sources */,
				0F3EC91F214120D800FB3062 /* HorizontalPageViewController.swift in Sources */,
				0F451015213C027D00D6B363 /* LoginWorker.swift in Sources */,
				0F451002213971AF00D6B363 /* BaseUILabel+Subs.swift in Sources */,
				0F830A94213964BC0080EAA8 /* UITableViewExtensions.swift in Sources */,
				0F451004213971AF00D6B363 /* BaseUIButton.swift in Sources */,
				0F9B21102140000D00C86FCC /* PhotoCell.swift in Sources */,
				0F830A57213962E50080EAA8 /* AppDelegate.swift in Sources */,
				0F3EC919214117A400FB3062 /* BKTransitionProcotol.swift in Sources */,
				0F3EC9332145D8BD00FB3062 /* BaseCollectionViewController.swift in Sources */,
				0FC754932147132100A660AF /* AnimatedNavigationController.swift in Sources */,
				0F9B2100213FF12D00C86FCC /* GalleryRouter.swift in Sources */,
				0F3EC927214271F100FB3062 /* PhotoTableViewCell.swift in Sources */,
				0F830A96213964DA0080EAA8 /* UIScrollViewExtensions.swift in Sources */,
				0FC754692146851200A660AF /* SearchWorker.swift in Sources */,
				0F9B20FE213FF12D00C86FCC /* GalleryPresenter.swift in Sources */,
				0FC7548C21470F9B00A660AF /* LandingPresenter.swift in Sources */,
				0F3EC92F21454E0600FB3062 /* UINavigationExtensions.swift in Sources */,
				0FC7549021470F9B00A660AF /* LandingViewController.swift in Sources */,
				0FC7546B2146851200A660AF /* SearchModels.swift in Sources */,
				0F830A90213964770080EAA8 /* UIColorExtensions.swift in Sources */,
				0F830A9E213965BF0080EAA8 /* UIImageExtensions.swift in Sources */,
				0F451006213971AF00D6B363 /* BaseUITextField+Subs.swift in Sources */,
				0F9B2106213FF15B00C86FCC /* CollectionLayout.swift in Sources */,
				0F3EC91B2141182000FB3062 /* UICollectionViewExtensions.swift in Sources */,
				0F9B2102213FF12D00C86FCC /* GalleryViewController.swift in Sources */,
				0F830AA02139660F0080EAA8 /* UIImageViewExtensions.swift in Sources */,
				0FC7546A2146851200A660AF /* SearchRouter.swift in Sources */,
				0F3EC9212141211500FB3062 /* HorizontalPageViewCell.swift in Sources */,
				0FC7548F21470F9B00A660AF /* LandingModels.swift in Sources */,
				0F9B2103213FF12D00C86FCC /* GalleryInteractor.swift in Sources */,
				0F830A9A213965150080EAA8 /* Globals.swift in Sources */,
			);
			runOnlyForDeploymentPostprocessing = 0;
		};
		0F830A63213962E60080EAA8 /* Sources */ = {
			isa = PBXSourcesBuildPhase;
			buildActionMask = 2147483647;
			files = (
				0F830A6C213962E60080EAA8 /* PhotoZnappTests.swift in Sources */,
				0F3EC9222141D1C900FB3062 /* HorizontalPageViewCell.swift in Sources */,
			);
			runOnlyForDeploymentPostprocessing = 0;
		};
		0F830A6E213962E60080EAA8 /* Sources */ = {
			isa = PBXSourcesBuildPhase;
			buildActionMask = 2147483647;
			files = (
				0F830A77213962E60080EAA8 /* PhotoZnappUITests.swift in Sources */,
			);
			runOnlyForDeploymentPostprocessing = 0;
		};
/* End PBXSourcesBuildPhase section */

/* Begin PBXTargetDependency section */
		0F830A69213962E60080EAA8 /* PBXTargetDependency */ = {
			isa = PBXTargetDependency;
			target = 0F830A52213962E50080EAA8 /* PhotoZnapp */;
			targetProxy = 0F830A68213962E60080EAA8 /* PBXContainerItemProxy */;
		};
		0F830A74213962E60080EAA8 /* PBXTargetDependency */ = {
			isa = PBXTargetDependency;
			target = 0F830A52213962E50080EAA8 /* PhotoZnapp */;
			targetProxy = 0F830A73213962E60080EAA8 /* PBXContainerItemProxy */;
		};
/* End PBXTargetDependency section */

/* Begin PBXVariantGroup section */
		0F830A5F213962E60080EAA8 /* LaunchScreen.storyboard */ = {
			isa = PBXVariantGroup;
			children = (
				0F830A60213962E60080EAA8 /* Base */,
			);
			name = LaunchScreen.storyboard;
			sourceTree = "<group>";
		};
/* End PBXVariantGroup section */

/* Begin XCBuildConfiguration section */
		0F830A79213962E60080EAA8 /* Debug */ = {
			isa = XCBuildConfiguration;
			buildSettings = {
				ALWAYS_SEARCH_USER_PATHS = NO;
				CLANG_ANALYZER_NONNULL = YES;
				CLANG_ANALYZER_NUMBER_OBJECT_CONVERSION = YES_AGGRESSIVE;
				CLANG_CXX_LANGUAGE_STANDARD = "gnu++14";
				CLANG_CXX_LIBRARY = "libc++";
				CLANG_ENABLE_MODULES = YES;
				CLANG_ENABLE_OBJC_ARC = YES;
				CLANG_ENABLE_OBJC_WEAK = YES;
				CLANG_WARN_BLOCK_CAPTURE_AUTORELEASING = YES;
				CLANG_WARN_BOOL_CONVERSION = YES;
				CLANG_WARN_COMMA = YES;
				CLANG_WARN_CONSTANT_CONVERSION = YES;
				CLANG_WARN_DEPRECATED_OBJC_IMPLEMENTATIONS = YES;
				CLANG_WARN_DIRECT_OBJC_ISA_USAGE = YES_ERROR;
				CLANG_WARN_DOCUMENTATION_COMMENTS = YES;
				CLANG_WARN_EMPTY_BODY = YES;
				CLANG_WARN_ENUM_CONVERSION = YES;
				CLANG_WARN_INFINITE_RECURSION = YES;
				CLANG_WARN_INT_CONVERSION = YES;
				CLANG_WARN_NON_LITERAL_NULL_CONVERSION = YES;
				CLANG_WARN_OBJC_IMPLICIT_RETAIN_SELF = YES;
				CLANG_WARN_OBJC_LITERAL_CONVERSION = YES;
				CLANG_WARN_OBJC_ROOT_CLASS = YES_ERROR;
				CLANG_WARN_RANGE_LOOP_ANALYSIS = YES;
				CLANG_WARN_STRICT_PROTOTYPES = YES;
				CLANG_WARN_SUSPICIOUS_MOVE = YES;
				CLANG_WARN_UNGUARDED_AVAILABILITY = YES_AGGRESSIVE;
				CLANG_WARN_UNREACHABLE_CODE = YES;
				CLANG_WARN__DUPLICATE_METHOD_MATCH = YES;
				CODE_SIGN_IDENTITY = "iPhone Developer";
				COPY_PHASE_STRIP = NO;
				DEBUG_INFORMATION_FORMAT = dwarf;
				ENABLE_STRICT_OBJC_MSGSEND = YES;
				ENABLE_TESTABILITY = YES;
				GCC_C_LANGUAGE_STANDARD = gnu11;
				GCC_DYNAMIC_NO_PIC = NO;
				GCC_NO_COMMON_BLOCKS = YES;
				GCC_OPTIMIZATION_LEVEL = 0;
				GCC_PREPROCESSOR_DEFINITIONS = (
					"DEBUG=1",
					"$(inherited)",
				);
				GCC_WARN_64_TO_32_BIT_CONVERSION = YES;
				GCC_WARN_ABOUT_RETURN_TYPE = YES_ERROR;
				GCC_WARN_UNDECLARED_SELECTOR = YES;
				GCC_WARN_UNINITIALIZED_AUTOS = YES_AGGRESSIVE;
				GCC_WARN_UNUSED_FUNCTION = YES;
				GCC_WARN_UNUSED_VARIABLE = YES;
				IPHONEOS_DEPLOYMENT_TARGET = 11.4;
				MTL_ENABLE_DEBUG_INFO = YES;
				ONLY_ACTIVE_ARCH = YES;
				SDKROOT = iphoneos;
				SWIFT_ACTIVE_COMPILATION_CONDITIONS = DEBUG;
				SWIFT_OPTIMIZATION_LEVEL = "-Onone";
			};
			name = Debug;
		};
		0F830A7A213962E60080EAA8 /* Release */ = {
			isa = XCBuildConfiguration;
			buildSettings = {
				ALWAYS_SEARCH_USER_PATHS = NO;
				CLANG_ANALYZER_NONNULL = YES;
				CLANG_ANALYZER_NUMBER_OBJECT_CONVERSION = YES_AGGRESSIVE;
				CLANG_CXX_LANGUAGE_STANDARD = "gnu++14";
				CLANG_CXX_LIBRARY = "libc++";
				CLANG_ENABLE_MODULES = YES;
				CLANG_ENABLE_OBJC_ARC = YES;
				CLANG_ENABLE_OBJC_WEAK = YES;
				CLANG_WARN_BLOCK_CAPTURE_AUTORELEASING = YES;
				CLANG_WARN_BOOL_CONVERSION = YES;
				CLANG_WARN_COMMA = YES;
				CLANG_WARN_CONSTANT_CONVERSION = YES;
				CLANG_WARN_DEPRECATED_OBJC_IMPLEMENTATIONS = YES;
				CLANG_WARN_DIRECT_OBJC_ISA_USAGE = YES_ERROR;
				CLANG_WARN_DOCUMENTATION_COMMENTS = YES;
				CLANG_WARN_EMPTY_BODY = YES;
				CLANG_WARN_ENUM_CONVERSION = YES;
				CLANG_WARN_INFINITE_RECURSION = YES;
				CLANG_WARN_INT_CONVERSION = YES;
				CLANG_WARN_NON_LITERAL_NULL_CONVERSION = YES;
				CLANG_WARN_OBJC_IMPLICIT_RETAIN_SELF = YES;
				CLANG_WARN_OBJC_LITERAL_CONVERSION = YES;
				CLANG_WARN_OBJC_ROOT_CLASS = YES_ERROR;
				CLANG_WARN_RANGE_LOOP_ANALYSIS = YES;
				CLANG_WARN_STRICT_PROTOTYPES = YES;
				CLANG_WARN_SUSPICIOUS_MOVE = YES;
				CLANG_WARN_UNGUARDED_AVAILABILITY = YES_AGGRESSIVE;
				CLANG_WARN_UNREACHABLE_CODE = YES;
				CLANG_WARN__DUPLICATE_METHOD_MATCH = YES;
				CODE_SIGN_IDENTITY = "iPhone Developer";
				COPY_PHASE_STRIP = NO;
				DEBUG_INFORMATION_FORMAT = "dwarf-with-dsym";
				ENABLE_NS_ASSERTIONS = NO;
				ENABLE_STRICT_OBJC_MSGSEND = YES;
				GCC_C_LANGUAGE_STANDARD = gnu11;
				GCC_NO_COMMON_BLOCKS = YES;
				GCC_WARN_64_TO_32_BIT_CONVERSION = YES;
				GCC_WARN_ABOUT_RETURN_TYPE = YES_ERROR;
				GCC_WARN_UNDECLARED_SELECTOR = YES;
				GCC_WARN_UNINITIALIZED_AUTOS = YES_AGGRESSIVE;
				GCC_WARN_UNUSED_FUNCTION = YES;
				GCC_WARN_UNUSED_VARIABLE = YES;
				IPHONEOS_DEPLOYMENT_TARGET = 11.4;
				MTL_ENABLE_DEBUG_INFO = NO;
				SDKROOT = iphoneos;
				SWIFT_COMPILATION_MODE = wholemodule;
				SWIFT_OPTIMIZATION_LEVEL = "-O";
				VALIDATE_PRODUCT = YES;
			};
			name = Release;
		};
		0F830A7C213962E60080EAA8 /* Debug */ = {
			isa = XCBuildConfiguration;
			baseConfigurationReference = EA4A618F065EEBFE56C83BBD /* Pods-PhotoZnapp.debug.xcconfig */;
			buildSettings = {
				ASSETCATALOG_COMPILER_APPICON_NAME = AppIcon;
				CODE_SIGN_STYLE = Automatic;
				DEVELOPMENT_TEAM = J9ASC95FMJ;
				INFOPLIST_FILE = PhotoZnapp/Info.plist;
				LD_RUNPATH_SEARCH_PATHS = (
					"$(inherited)",
					"@executable_path/Frameworks",
				);
				PRODUCT_BUNDLE_IDENTIFIER = bemobile.PhotoZnapp;
				PRODUCT_NAME = "$(TARGET_NAME)";
				SWIFT_VERSION = 4.0;
				TARGETED_DEVICE_FAMILY = "1,2";
			};
			name = Debug;
		};
		0F830A7D213962E60080EAA8 /* Release */ = {
			isa = XCBuildConfiguration;
			baseConfigurationReference = 57F4F5CE8806801BF046CC54 /* Pods-PhotoZnapp.release.xcconfig */;
			buildSettings = {
				ASSETCATALOG_COMPILER_APPICON_NAME = AppIcon;
				CODE_SIGN_STYLE = Automatic;
				DEVELOPMENT_TEAM = J9ASC95FMJ;
				INFOPLIST_FILE = PhotoZnapp/Info.plist;
				LD_RUNPATH_SEARCH_PATHS = (
					"$(inherited)",
					"@executable_path/Frameworks",
				);
				PRODUCT_BUNDLE_IDENTIFIER = bemobile.PhotoZnapp;
				PRODUCT_NAME = "$(TARGET_NAME)";
				SWIFT_VERSION = 4.0;
				TARGETED_DEVICE_FAMILY = "1,2";
			};
			name = Release;
		};
		0F830A7F213962E60080EAA8 /* Debug */ = {
			isa = XCBuildConfiguration;
			baseConfigurationReference = 2AA45D8752307EDA94F692EE /* Pods-PhotoZnappTests.debug.xcconfig */;
			buildSettings = {
				ALWAYS_EMBED_SWIFT_STANDARD_LIBRARIES = YES;
				BUNDLE_LOADER = "$(TEST_HOST)";
				CODE_SIGN_STYLE = Automatic;
				INFOPLIST_FILE = PhotoZnappTests/Info.plist;
				LD_RUNPATH_SEARCH_PATHS = (
					"$(inherited)",
					"@executable_path/Frameworks",
					"@loader_path/Frameworks",
				);
				PRODUCT_BUNDLE_IDENTIFIER = bemobile.PhotoZnappTests;
				PRODUCT_NAME = "$(TARGET_NAME)";
				SWIFT_VERSION = 4.0;
				TARGETED_DEVICE_FAMILY = "1,2";
				TEST_HOST = "$(BUILT_PRODUCTS_DIR)/PhotoZnapp.app/PhotoZnapp";
			};
			name = Debug;
		};
		0F830A80213962E60080EAA8 /* Release */ = {
			isa = XCBuildConfiguration;
			baseConfigurationReference = 0FBB6F5266732AB45CC32788 /* Pods-PhotoZnappTests.release.xcconfig */;
			buildSettings = {
				ALWAYS_EMBED_SWIFT_STANDARD_LIBRARIES = YES;
				BUNDLE_LOADER = "$(TEST_HOST)";
				CODE_SIGN_STYLE = Automatic;
				INFOPLIST_FILE = PhotoZnappTests/Info.plist;
				LD_RUNPATH_SEARCH_PATHS = (
					"$(inherited)",
					"@executable_path/Frameworks",
					"@loader_path/Frameworks",
				);
				PRODUCT_BUNDLE_IDENTIFIER = bemobile.PhotoZnappTests;
				PRODUCT_NAME = "$(TARGET_NAME)";
				SWIFT_VERSION = 4.0;
				TARGETED_DEVICE_FAMILY = "1,2";
				TEST_HOST = "$(BUILT_PRODUCTS_DIR)/PhotoZnapp.app/PhotoZnapp";
			};
			name = Release;
		};
		0F830A82213962E60080EAA8 /* Debug */ = {
			isa = XCBuildConfiguration;
			baseConfigurationReference = 9F4C86BE5BF397060042207E /* Pods-PhotoZnappUITests.debug.xcconfig */;
			buildSettings = {
				ALWAYS_EMBED_SWIFT_STANDARD_LIBRARIES = YES;
				CODE_SIGN_STYLE = Automatic;
				INFOPLIST_FILE = PhotoZnappUITests/Info.plist;
				LD_RUNPATH_SEARCH_PATHS = (
					"$(inherited)",
					"@executable_path/Frameworks",
					"@loader_path/Frameworks",
				);
				PRODUCT_BUNDLE_IDENTIFIER = bemobile.PhotoZnappUITests;
				PRODUCT_NAME = "$(TARGET_NAME)";
				SWIFT_VERSION = 4.0;
				TARGETED_DEVICE_FAMILY = "1,2";
				TEST_TARGET_NAME = PhotoZnapp;
			};
			name = Debug;
		};
		0F830A83213962E60080EAA8 /* Release */ = {
			isa = XCBuildConfiguration;
			baseConfigurationReference = 172D0CA55C1C00663BC78042 /* Pods-PhotoZnappUITests.release.xcconfig */;
			buildSettings = {
				ALWAYS_EMBED_SWIFT_STANDARD_LIBRARIES = YES;
				CODE_SIGN_STYLE = Automatic;
				INFOPLIST_FILE = PhotoZnappUITests/Info.plist;
				LD_RUNPATH_SEARCH_PATHS = (
					"$(inherited)",
					"@executable_path/Frameworks",
					"@loader_path/Frameworks",
				);
				PRODUCT_BUNDLE_IDENTIFIER = bemobile.PhotoZnappUITests;
				PRODUCT_NAME = "$(TARGET_NAME)";
				SWIFT_VERSION = 4.0;
				TARGETED_DEVICE_FAMILY = "1,2";
				TEST_TARGET_NAME = PhotoZnapp;
			};
			name = Release;
		};
/* End XCBuildConfiguration section */

/* Begin XCConfigurationList section */
		0F830A4E213962E50080EAA8 /* Build configuration list for PBXProject "PhotoZnapp" */ = {
			isa = XCConfigurationList;
			buildConfigurations = (
				0F830A79213962E60080EAA8 /* Debug */,
				0F830A7A213962E60080EAA8 /* Release */,
			);
			defaultConfigurationIsVisible = 0;
			defaultConfigurationName = Release;
		};
		0F830A7B213962E60080EAA8 /* Build configuration list for PBXNativeTarget "PhotoZnapp" */ = {
			isa = XCConfigurationList;
			buildConfigurations = (
				0F830A7C213962E60080EAA8 /* Debug */,
				0F830A7D213962E60080EAA8 /* Release */,
			);
			defaultConfigurationIsVisible = 0;
			defaultConfigurationName = Release;
		};
		0F830A7E213962E60080EAA8 /* Build configuration list for PBXNativeTarget "PhotoZnappTests" */ = {
			isa = XCConfigurationList;
			buildConfigurations = (
				0F830A7F213962E60080EAA8 /* Debug */,
				0F830A80213962E60080EAA8 /* Release */,
			);
			defaultConfigurationIsVisible = 0;
			defaultConfigurationName = Release;
		};
		0F830A81213962E60080EAA8 /* Build configuration list for PBXNativeTarget "PhotoZnappUITests" */ = {
			isa = XCConfigurationList;
			buildConfigurations = (
				0F830A82213962E60080EAA8 /* Debug */,
				0F830A83213962E60080EAA8 /* Release */,
			);
			defaultConfigurationIsVisible = 0;
			defaultConfigurationName = Release;
		};
/* End XCConfigurationList section */
	};
	rootObject = 0F830A4B213962E50080EAA8 /* Project object */;
}
